<Solution>
  <Project Path="src/CloudNativeKit.Abstractions/CloudNativeKit.Abstractions.csproj" />
  <Project Path="src/CloudNativeKit.AspireIntegrations/CloudNativeKit.AspireIntegrations.csproj" />
  <Project Path="src/CloudNativeKit.Caching/CloudNativeKit.Caching.csproj" />
  <Project Path="src/CloudNativeKit.Caching.AzureRedis/CloudNativeKit.Caching.AzureRedis.csproj" />
  <Project Path="src/CloudNativeKit.Core/CloudNativeKit.Core.csproj" />
  <Project Path="src/CloudNativeKit.Email/CloudNativeKit.Email.csproj" />
  <Project Path="src/CloudNativeKit.HealthCheck/CloudNativeKit.HealthCheck.csproj" />
  <Project Path="src/CloudNativeKit.Integration.Wolverine/CloudNativeKit.Integration.Wolverine.csproj" />
  <Project Path="src/CloudNativeKit.OpenApi/CloudNativeKit.OpenApi.csproj" />
  <Project Path="src/CloudNativeKit.OpenTelemetry/CloudNativeKit.OpenTelemetry.csproj" />
  <Project Path="src/CloudNativeKit.Persistence.EfCore.AzureCosmosDB/CloudNativeKit.Persistence.EfCore.AzureCosmosDB.csproj" />
  <Project Path="src/CloudNativeKit.Persistence.EfCore.AzurePostgres/CloudNativeKit.Persistence.EfCore.AzurePostgres.csproj" />
  <Project Path="src/CloudNativeKit.Persistence.EfCore.Postgres/CloudNativeKit.Persistence.EfCore.Postgres.csproj" />
  <Project Path="src/CloudNativeKit.Persistence.EventStoreDB/CloudNativeKit.Persistence.EventStoreDB.csproj" />
  <Project Path="src/CloudNativeKit.Persistence.Marten/CloudNativeKit.Persistence.Marten.csproj" />
  <Project Path="src/CloudNativeKit.Persistence.Mongo/CloudNativeKit.Persistence.Mongo.csproj" />
  <Project Path="src/CloudNativeKit.Resiliency/CloudNativeKit.Resiliency.csproj" />
  <Project Path="src/CloudNativeKit.Security/CloudNativeKit.Security.csproj" />
  <Project Path="src/CloudNativeKit.Serialization/CloudNativeKit.Serialization.csproj" />
  <Project Path="src/CloudNativeKit.SerilogLogging/CloudNativeKit.SerilogLogging.csproj" />
  <Project Path="src/CloudNativeKit.Validation/CloudNativeKit.Validation.csproj" />
  <Project Path="src/CloudNativeKit.Web/CloudNativeKit.Web.csproj" />
  <Project Path="tests/CloudNativeKit.Abstractions/CloudNativeKit.Abstractions.IntegrationTests/CloudNativeKit.Abstractions.IntegrationTests.csproj" />
  <Project Path="tests/CloudNativeKit.Abstractions/CloudNativeKit.Abstractions.UnitTests/CloudNativeKit.Abstractions.UnitTests.csproj" />
  <Project Path="tests/CloudNativeKit.AspireIntegrations/CloudNativeKit.AspireIntegrations.IntegrationTests/CloudNativeKit.AspireIntegrations.IntegrationTests.csproj" />
  <Project Path="tests/CloudNativeKit.AspireIntegrations/CloudNativeKit.AspireIntegrations.UnitTests/CloudNativeKit.AspireIntegrations.UnitTests.csproj" />
  <Project Path="tests/CloudNativeKit.Caching/CloudNativeKit.Caching.IntegrationTests/CloudNativeKit.Caching.IntegrationTests.csproj" />
  <Project Path="tests/CloudNativeKit.Caching/CloudNativeKit.Caching.UnitTests/CloudNativeKit.Caching.UnitTests.csproj" />
  <Project Path="tests/CloudNativeKit.Caching.AzureRedis/CloudNativeKit.Caching.AzureRedis.IntegrationTests/CloudNativeKit.Caching.AzureRedis.IntegrationTests.csproj" />
  <Project Path="tests/CloudNativeKit.Caching.AzureRedis/CloudNativeKit.Caching.AzureRedis.UnitTests/CloudNativeKit.Caching.AzureRedis.UnitTests.csproj" />
  <Project Path="tests/CloudNativeKit.Core/CloudNativeKit.Core.IntegrationTests/CloudNativeKit.Core.IntegrationTests.csproj" />
  <Project Path="tests/CloudNativeKit.Core/CloudNativeKit.Core.UnitTests/CloudNativeKit.Core.UnitTests.csproj" />
  <Project Path="tests/CloudNativeKit.Email/CloudNativeKit.Email.IntegrationTests/CloudNativeKit.Email.IntegrationTests.csproj" />
  <Project Path="tests/CloudNativeKit.Email/CloudNativeKit.Email.UnitTests/CloudNativeKit.Email.UnitTests.csproj" />
  <Project Path="tests/CloudNativeKit.HealthCheck/CloudNativeKit.HealthCheck.IntegrationTests/CloudNativeKit.HealthCheck.IntegrationTests.csproj" />
  <Project Path="tests/CloudNativeKit.HealthCheck/CloudNativeKit.HealthCheck.UnitTests/CloudNativeKit.HealthCheck.UnitTests.csproj" />
  <Project Path="tests/CloudNativeKit.Integration.Wolverine/CloudNativeKit.Integration.Wolverine.IntegrationTests/CloudNativeKit.Integration.Wolverine.IntegrationTests.csproj" />
  <Project Path="tests/CloudNativeKit.Integration.Wolverine/CloudNativeKit.Integration.Wolverine.UnitTests/CloudNativeKit.Integration.Wolverine.UnitTests.csproj" />
  <Project Path="tests/CloudNativeKit.OpenApi/CloudNativeKit.OpenApi.IntegrationTests/CloudNativeKit.OpenApi.IntegrationTests.csproj" />
  <Project Path="tests/CloudNativeKit.OpenApi/CloudNativeKit.OpenApi.UnitTests/CloudNativeKit.OpenApi.UnitTests.csproj" />
  <Project Path="tests/CloudNativeKit.OpenTelemetry/CloudNativeKit.OpenTelemetry.IntegrationTests/CloudNativeKit.OpenTelemetry.IntegrationTests.csproj" />
  <Project Path="tests/CloudNativeKit.OpenTelemetry/CloudNativeKit.OpenTelemetry.UnitTests/CloudNativeKit.OpenTelemetry.UnitTests.csproj" />
  <Project Path="tests/CloudNativeKit.Persistence.EfCore.AzureCosmosDB/CloudNativeKit.Persistence.EfCore.AzureCosmosDB.IntegrationTests/CloudNativeKit.Persistence.EfCore.AzureCosmosDB.IntegrationTests.csproj" />
  <Project Path="tests/CloudNativeKit.Persistence.EfCore.AzureCosmosDB/CloudNativeKit.Persistence.EfCore.AzureCosmosDB.UnitTests/CloudNativeKit.Persistence.EfCore.AzureCosmosDB.UnitTests.csproj" />
  <Project Path="tests/CloudNativeKit.Persistence.EfCore.AzurePostgres/CloudNativeKit.Persistence.EfCore.AzurePostgres.IntegrationTests/CloudNativeKit.Persistence.EfCore.AzurePostgres.IntegrationTests.csproj" />
  <Project Path="tests/CloudNativeKit.Persistence.EfCore.AzurePostgres/CloudNativeKit.Persistence.EfCore.AzurePostgres.UnitTests/CloudNativeKit.Persistence.EfCore.AzurePostgres.UnitTests.csproj" />
  <Project Path="tests/CloudNativeKit.Persistence.EfCore.Postgres/CloudNativeKit.Persistence.EfCore.Postgres.IntegrationTests/CloudNativeKit.Persistence.EfCore.Postgres.IntegrationTests.csproj" />
  <Project Path="tests/CloudNativeKit.Persistence.EfCore.Postgres/CloudNativeKit.Persistence.EfCore.Postgres.UnitTests/CloudNativeKit.Persistence.EfCore.Postgres.UnitTests.csproj" />
  <Project Path="tests/CloudNativeKit.Persistence.EventStoreDB/CloudNativeKit.Persistence.EventStoreDB.IntegrationTests/CloudNativeKit.Persistence.EventStoreDB.IntegrationTests.csproj" />
  <Project Path="tests/CloudNativeKit.Persistence.EventStoreDB/CloudNativeKit.Persistence.EventStoreDB.UnitTests/CloudNativeKit.Persistence.EventStoreDB.UnitTests.csproj" />
  <Project Path="tests/CloudNativeKit.Persistence.Marten/CloudNativeKit.Persistence.Marten.IntegrationTests/CloudNativeKit.Persistence.Marten.IntegrationTests.csproj" />
  <Project Path="tests/CloudNativeKit.Persistence.Marten/CloudNativeKit.Persistence.Marten.UnitTests/CloudNativeKit.Persistence.Marten.UnitTests.csproj" />
  <Project Path="tests/CloudNativeKit.Persistence.Mongo/CloudNativeKit.Persistence.Mongo.IntegrationTests/CloudNativeKit.Persistence.Mongo.IntegrationTests.csproj" />
  <Project Path="tests/CloudNativeKit.Persistence.Mongo/CloudNativeKit.Persistence.Mongo.UnitTests/CloudNativeKit.Persistence.Mongo.UnitTests.csproj" />
  <Project Path="tests/CloudNativeKit.Resiliency/CloudNativeKit.Resiliency.IntegrationTests/CloudNativeKit.Resiliency.IntegrationTests.csproj" />
  <Project Path="tests/CloudNativeKit.Resiliency/CloudNativeKit.Resiliency.UnitTests/CloudNativeKit.Resiliency.UnitTests.csproj" />
  <Project Path="tests/CloudNativeKit.Security/CloudNativeKit.Security.IntegrationTests/CloudNativeKit.Security.IntegrationTests.csproj" />
  <Project Path="tests/CloudNativeKit.Security/CloudNativeKit.Security.UnitTests/CloudNativeKit.Security.UnitTests.csproj" />
  <Project Path="tests/CloudNativeKit.Serialization/CloudNativeKit.Serialization.IntegrationTests/CloudNativeKit.Serialization.IntegrationTests.csproj" />
  <Project Path="tests/CloudNativeKit.Serialization/CloudNativeKit.Serialization.UnitTests/CloudNativeKit.Serialization.UnitTests.csproj" />
  <Project Path="tests/CloudNativeKit.SerilogLogging/CloudNativeKit.SerilogLogging.IntegrationTests/CloudNativeKit.SerilogLogging.IntegrationTests.csproj" />
  <Project Path="tests/CloudNativeKit.SerilogLogging/CloudNativeKit.SerilogLogging.UnitTests/CloudNativeKit.SerilogLogging.UnitTests.csproj" />
  <Project Path="tests/CloudNativeKit.Validation/CloudNativeKit.Validation.IntegrationTests/CloudNativeKit.Validation.IntegrationTests.csproj" />
  <Project Path="tests/CloudNativeKit.Validation/CloudNativeKit.Validation.UnitTests/CloudNativeKit.Validation.UnitTests.csproj" />
  <Project Path="tests/CloudNativeKit.Web/CloudNativeKit.Web.IntegrationTests/CloudNativeKit.Web.IntegrationTests.csproj" />
  <Project Path="tests/CloudNativeKit.Web/CloudNativeKit.Web.UnitTests/CloudNativeKit.Web.UnitTests.csproj" />
  <Project Path="tests/Shared/Tests.Shared/Tests.Shared.csproj" />
</Solution>
